<?xml version="1.0"?>
<plist version="1.0">
	<dict>
		<key>archiveVersion</key>
		<string>1</string>
		<key>classes</key>
		<dict />
		<key>objectVersion</key>
		<string>46</string>
		<key>objects</key>
		<dict>
			<key>5C46D9EC2E4884D0E2F64677</key>
			<dict>
				<key>explicitFileType</key>
				<string>sourcecode.c.h</string>
				<key>fileEncoding</key>
				<string>4</string>
				<key>isa</key>
				<string>PBXFileReference</string>
				<key>name</key>
				<string>ofxPubSubOsc.h</string>
				<key>path</key>
				<string>../../../of_v0.10.0_osx_release/addons/ofxPubSubOsc/src/ofxPubSubOsc.h</string>
				<key>sourceTree</key>
				<string>SOURCE_ROOT</string>
			</dict>
			<key>44F57F81C8D2C98F28D23F5B</key>
			<dict>
				<key>explicitFileType</key>
				<string>sourcecode.c.h</string>
				<key>fileEncoding</key>
				<string>4</string>
				<key>isa</key>
				<string>PBXFileReference</string>
				<key>name</key>
				<string>ofxOscSubscriber.h</string>
				<key>path</key>
				<string>../../../of_v0.10.0_osx_release/addons/ofxPubSubOsc/src/ofxOscSubscriber.h</string>
				<key>sourceTree</key>
				<string>SOURCE_ROOT</string>
			</dict>
			<key>E75D55FC2655512BC1BC6EDE</key>
			<dict>
				<key>explicitFileType</key>
				<string>sourcecode.c.h</string>
				<key>fileEncoding</key>
				<string>4</string>
				<key>isa</key>
				<string>PBXFileReference</string>
				<key>name</key>
				<string>ofxOscSubscribeParameter.h</string>
				<key>path</key>
				<string>../../../of_v0.10.0_osx_release/addons/ofxPubSubOsc/src/details/Subscriber/ofxOscSubscribeParameter.h</string>
				<key>sourceTree</key>
				<string>SOURCE_ROOT</string>
			</dict>
			<key>4AC8A7264C21255A3DE7D194</key>
			<dict>
				<key>children</key>
				<array>
					<string>816D514200A344B041786BF8</string>
					<string>E75D55FC2655512BC1BC6EDE</string>
				</array>
				<key>isa</key>
				<string>PBXGroup</string>
				<key>name</key>
				<string>Subscriber</string>
				<key>sourceTree</key>
				<string>&lt;group&gt;</string>
			</dict>
			<key>816D514200A344B041786BF8</key>
			<dict>
				<key>explicitFileType</key>
				<string>sourcecode.c.h</string>
				<key>fileEncoding</key>
				<string>4</string>
				<key>isa</key>
				<string>PBXFileReference</string>
				<key>name</key>
				<string>ofxOscSubscriberLoadImplementation.h</string>
				<key>path</key>
				<string>../../../of_v0.10.0_osx_release/addons/ofxPubSubOsc/src/details/Subscriber/ofxOscSubscriberLoadImplementation.h</string>
				<key>sourceTree</key>
				<string>SOURCE_ROOT</string>
			</dict>
			<key>23B9B08115E16AB0935F47F6</key>
			<dict>
				<key>explicitFileType</key>
				<string>sourcecode.c.h</string>
				<key>fileEncoding</key>
				<string>4</string>
				<key>isa</key>
				<string>PBXFileReference</string>
				<key>name</key>
				<string>ofxPubSubOscSettings.h</string>
				<key>path</key>
				<string>../../../of_v0.10.0_osx_release/addons/ofxPubSubOsc/src/details/ofxPubSubOscSettings.h</string>
				<key>sourceTree</key>
				<string>SOURCE_ROOT</string>
			</dict>
			<key>8ACD2DDF4FAEEE195AA09C0D</key>
			<dict>
				<key>explicitFileType</key>
				<string>sourcecode.c.h</string>
				<key>fileEncoding</key>
				<string>4</string>
				<key>isa</key>
				<string>PBXFileReference</string>
				<key>name</key>
				<string>ofxOscArrayPublisher.h</string>
				<key>path</key>
				<string>../../../of_v0.10.0_osx_release/addons/ofxPubSubOsc/src/details/ofxOscArrayPublisher.h</string>
				<key>sourceTree</key>
				<string>SOURCE_ROOT</string>
			</dict>
			<key>D82E62291936731F26105351</key>
			<dict>
				<key>explicitFileType</key>
				<string>sourcecode.c.h</string>
				<key>fileEncoding</key>
				<string>4</string>
				<key>isa</key>
				<string>PBXFileReference</string>
				<key>name</key>
				<string>ofxPubSubOscTypeUtils.h</string>
				<key>path</key>
				<string>../../../of_v0.10.0_osx_release/addons/ofxPubSubOsc/src/details/ofxPubSubOscTypeUtils.h</string>
				<key>sourceTree</key>
				<string>SOURCE_ROOT</string>
			</dict>
			<key>76DCCA44409FF642CD06534D</key>
			<dict>
				<key>explicitFileType</key>
				<string>sourcecode.c.h</string>
				<key>fileEncoding</key>
				<string>4</string>
				<key>isa</key>
				<string>PBXFileReference</string>
				<key>name</key>
				<string>ofxOscPublisherStructs.h</string>
				<key>path</key>
				<string>../../../of_v0.10.0_osx_release/addons/ofxPubSubOsc/src/details/Publisher/ofxOscPublisherStructs.h</string>
				<key>sourceTree</key>
				<string>SOURCE_ROOT</string>
			</dict>
			<key>D0F9C121B590FBA8772D935A</key>
			<dict>
				<key>explicitFileType</key>
				<string>sourcecode.c.h</string>
				<key>fileEncoding</key>
				<string>4</string>
				<key>isa</key>
				<string>PBXFileReference</string>
				<key>name</key>
				<string>ofxOscPublishCondition.h</string>
				<key>path</key>
				<string>../../../of_v0.10.0_osx_release/addons/ofxPubSubOsc/src/details/Publisher/ofxOscPublishCondition.h</string>
				<key>sourceTree</key>
				<string>SOURCE_ROOT</string>
			</dict>
			<key>D4D4323304516DE82BBED937</key>
			<dict>
				<key>explicitFileType</key>
				<string>sourcecode.c.h</string>
				<key>fileEncoding</key>
				<string>4</string>
				<key>isa</key>
				<string>PBXFileReference</string>
				<key>name</key>
				<string>ofxOscPublishParameter.h</string>
				<key>path</key>
				<string>../../../of_v0.10.0_osx_release/addons/ofxPubSubOsc/src/details/Publisher/ofxOscPublishParameter.h</string>
				<key>sourceTree</key>
				<string>SOURCE_ROOT</string>
			</dict>
			<key>B4545C9B4F496F8CA1C02A80</key>
			<dict>
				<key>children</key>
				<array>
					<string>75F1533D5F47F96A26525675</string>
					<string>D4D4323304516DE82BBED937</string>
					<string>D0F9C121B590FBA8772D935A</string>
					<string>76DCCA44409FF642CD06534D</string>
				</array>
				<key>isa</key>
				<string>PBXGroup</string>
				<key>name</key>
				<string>Publisher</string>
				<key>sourceTree</key>
				<string>&lt;group&gt;</string>
			</dict>
			<key>75F1533D5F47F96A26525675</key>
			<dict>
				<key>explicitFileType</key>
				<string>sourcecode.c.h</string>
				<key>fileEncoding</key>
				<string>4</string>
				<key>isa</key>
				<string>PBXFileReference</string>
				<key>name</key>
				<string>ofxOscPublisherSetImplementation.h</string>
				<key>path</key>
				<string>../../../of_v0.10.0_osx_release/addons/ofxPubSubOsc/src/details/Publisher/ofxOscPublisherSetImplementation.h</string>
				<key>sourceTree</key>
				<string>SOURCE_ROOT</string>
			</dict>
			<key>93924520CCDA92F3B2EE0C87</key>
			<dict>
				<key>children</key>
				<array>
					<string>69F08497C25F4448086188F5</string>
					<string>B4545C9B4F496F8CA1C02A80</string>
					<string>D82E62291936731F26105351</string>
					<string>8ACD2DDF4FAEEE195AA09C0D</string>
					<string>23B9B08115E16AB0935F47F6</string>
					<string>4AC8A7264C21255A3DE7D194</string>
				</array>
				<key>isa</key>
				<string>PBXGroup</string>
				<key>name</key>
				<string>details</string>
				<key>sourceTree</key>
				<string>&lt;group&gt;</string>
			</dict>
			<key>69F08497C25F4448086188F5</key>
			<dict>
				<key>explicitFileType</key>
				<string>sourcecode.c.h</string>
				<key>fileEncoding</key>
				<string>4</string>
				<key>isa</key>
				<string>PBXFileReference</string>
				<key>name</key>
				<string>ofxPubSubOscTypeTraits.h</string>
				<key>path</key>
				<string>../../../of_v0.10.0_osx_release/addons/ofxPubSubOsc/src/details/ofxPubSubOscTypeTraits.h</string>
				<key>sourceTree</key>
				<string>SOURCE_ROOT</string>
			</dict>
			<key>AEC6BCBCD779B6CBE1154B6A</key>
			<dict>
				<key>explicitFileType</key>
				<string>sourcecode.c.h</string>
				<key>fileEncoding</key>
				<string>4</string>
				<key>isa</key>
				<string>PBXFileReference</string>
				<key>name</key>
				<string>ofxOscPublisher.h</string>
				<key>path</key>
				<string>../../../of_v0.10.0_osx_release/addons/ofxPubSubOsc/src/ofxOscPublisher.h</string>
				<key>sourceTree</key>
				<string>SOURCE_ROOT</string>
			</dict>
			<key>14FF4513E85CB29C5462F427</key>
			<dict>
				<key>children</key>
				<array>
					<string>62C8696BCE1A31FF2ABEEA94</string>
					<string>AEC6BCBCD779B6CBE1154B6A</string>
					<string>93924520CCDA92F3B2EE0C87</string>
					<string>44F57F81C8D2C98F28D23F5B</string>
					<string>5C46D9EC2E4884D0E2F64677</string>
				</array>
				<key>isa</key>
				<string>PBXGroup</string>
				<key>name</key>
				<string>src</string>
				<key>sourceTree</key>
				<string>&lt;group&gt;</string>
			</dict>
			<key>7A544AD911301D82CCCC60DE</key>
			<dict>
				<key>children</key>
				<array>
					<string>14FF4513E85CB29C5462F427</string>
				</array>
				<key>isa</key>
				<string>PBXGroup</string>
				<key>name</key>
				<string>ofxPubSubOsc</string>
				<key>sourceTree</key>
				<string>&lt;group&gt;</string>
			</dict>
			<key>62C8696BCE1A31FF2ABEEA94</key>
			<dict>
				<key>explicitFileType</key>
				<string>sourcecode.c.h</string>
				<key>fileEncoding</key>
				<string>4</string>
				<key>isa</key>
				<string>PBXFileReference</string>
				<key>name</key>
				<string>ofxOscMessageEx.h</string>
				<key>path</key>
				<string>../../../of_v0.10.0_osx_release/addons/ofxPubSubOsc/src/ofxOscMessageEx.h</string>
				<key>sourceTree</key>
				<string>SOURCE_ROOT</string>
			</dict>
			<key>88F0BA357FB89A6CE66709FA</key>
			<dict>
				<key>explicitFileType</key>
				<string>sourcecode.c.h</string>
				<key>fileEncoding</key>
				<string>4</string>
				<key>isa</key>
				<string>PBXFileReference</string>
				<key>name</key>
				<string>NetworkingUtils.h</string>
				<key>path</key>
				<string>../../../of_v0.10.0_osx_release/addons/ofxOsc/libs/oscpack/src/ip/NetworkingUtils.h</string>
				<key>sourceTree</key>
				<string>SOURCE_ROOT</string>
			</dict>
			<key>A787033D58C0D233CE7230B2</key>
			<dict>
				<key>fileRef</key>
				<string>92490116462885103B91B782</string>
				<key>isa</key>
				<string>PBXBuildFile</string>
			</dict>
			<key>92490116462885103B91B782</key>
			<dict>
				<key>explicitFileType</key>
				<string>sourcecode.cpp.cpp</string>
				<key>fileEncoding</key>
				<string>4</string>
				<key>isa</key>
				<string>PBXFileReference</string>
				<key>name</key>
				<string>IpEndpointName.cpp</string>
				<key>path</key>
				<string>../../../of_v0.10.0_osx_release/addons/ofxOsc/libs/oscpack/src/ip/IpEndpointName.cpp</string>
				<key>sourceTree</key>
				<string>SOURCE_ROOT</string>
			</dict>
			<key>0362827C07BCF855375FF7D8</key>
			<dict>
				<key>explicitFileType</key>
				<string>sourcecode.c.h</string>
				<key>fileEncoding</key>
				<string>4</string>
				<key>isa</key>
				<string>PBXFileReference</string>
				<key>name</key>
				<string>IpEndpointName.h</string>
				<key>path</key>
				<string>../../../of_v0.10.0_osx_release/addons/ofxOsc/libs/oscpack/src/ip/IpEndpointName.h</string>
				<key>sourceTree</key>
				<string>SOURCE_ROOT</string>
			</dict>
			<key>D1A8405D69BB81C24DCB2A00</key>
			<dict>
				<key>explicitFileType</key>
				<string>sourcecode.c.h</string>
				<key>fileEncoding</key>
				<string>4</string>
				<key>isa</key>
				<string>PBXFileReference</string>
				<key>name</key>
				<string>PacketListener.h</string>
				<key>path</key>
				<string>../../../of_v0.10.0_osx_release/addons/ofxOsc/libs/oscpack/src/ip/PacketListener.h</string>
				<key>sourceTree</key>
				<string>SOURCE_ROOT</string>
			</dict>
			<key>1E2E8AA84F32F96C4B3B171D</key>
			<dict>
				<key>explicitFileType</key>
				<string>sourcecode.c.h</string>
				<key>fileEncoding</key>
				<string>4</string>
				<key>isa</key>
				<string>PBXFileReference</string>
				<key>name</key>
				<string>TimerListener.h</string>
				<key>path</key>
				<string>../../../of_v0.10.0_osx_release/addons/ofxOsc/libs/oscpack/src/ip/TimerListener.h</string>
				<key>sourceTree</key>
				<string>SOURCE_ROOT</string>
			</dict>
			<key>585F973BCAD3EF9CBB58F7F6</key>
			<dict>
				<key>explicitFileType</key>
				<string>sourcecode.c.h</string>
				<key>fileEncoding</key>
				<string>4</string>
				<key>isa</key>
				<string>PBXFileReference</string>
				<key>name</key>
				<string>UdpSocket.h</string>
				<key>path</key>
				<string>../../../of_v0.10.0_osx_release/addons/ofxOsc/libs/oscpack/src/ip/UdpSocket.h</string>
				<key>sourceTree</key>
				<string>SOURCE_ROOT</string>
			</dict>
			<key>7E4EE6D1A7BEAF6282506B5E</key>
			<dict>
				<key>fileRef</key>
				<string>8A6F093951836EBD2516FAF7</string>
				<key>isa</key>
				<string>PBXBuildFile</string>
			</dict>
			<key>8A6F093951836EBD2516FAF7</key>
			<dict>
				<key>explicitFileType</key>
				<string>sourcecode.cpp.cpp</string>
				<key>fileEncoding</key>
				<string>4</string>
				<key>isa</key>
				<string>PBXFileReference</string>
				<key>name</key>
				<string>UdpSocket.cpp</string>
				<key>path</key>
				<string>../../../of_v0.10.0_osx_release/addons/ofxOsc/libs/oscpack/src/ip/posix/UdpSocket.cpp</string>
				<key>sourceTree</key>
				<string>SOURCE_ROOT</string>
			</dict>
			<key>641362CA659FAFEE4E81001B</key>
			<dict>
				<key>children</key>
				<array>
					<string>27FE2066AFD334A784B2B0B3</string>
					<string>8A6F093951836EBD2516FAF7</string>
				</array>
				<key>isa</key>
				<string>PBXGroup</string>
				<key>name</key>
				<string>posix</string>
				<key>sourceTree</key>
				<string>&lt;group&gt;</string>
			</dict>
			<key>FF8CDF57858E9B94E3237115</key>
			<dict>
				<key>children</key>
				<array>
					<string>641362CA659FAFEE4E81001B</string>
					<string>585F973BCAD3EF9CBB58F7F6</string>
					<string>1E2E8AA84F32F96C4B3B171D</string>
					<string>D1A8405D69BB81C24DCB2A00</string>
					<string>0362827C07BCF855375FF7D8</string>
					<string>92490116462885103B91B782</string>
					<string>88F0BA357FB89A6CE66709FA</string>
				</array>
				<key>isa</key>
				<string>PBXGroup</string>
				<key>name</key>
				<string>ip</string>
				<key>sourceTree</key>
				<string>&lt;group&gt;</string>
			</dict>
			<key>34D7A45394B32DD2CF6E46DE</key>
			<dict>
				<key>fileRef</key>
				<string>27FE2066AFD334A784B2B0B3</string>
				<key>isa</key>
				<string>PBXBuildFile</string>
			</dict>
			<key>27FE2066AFD334A784B2B0B3</key>
			<dict>
				<key>explicitFileType</key>
				<string>sourcecode.cpp.cpp</string>
				<key>fileEncoding</key>
				<string>4</string>
				<key>isa</key>
				<string>PBXFileReference</string>
				<key>name</key>
				<string>NetworkingUtils.cpp</string>
				<key>path</key>
				<string>../../../of_v0.10.0_osx_release/addons/ofxOsc/libs/oscpack/src/ip/posix/NetworkingUtils.cpp</string>
				<key>sourceTree</key>
				<string>SOURCE_ROOT</string>
			</dict>
			<key>BF8745680738F92C58B3EF98</key>
			<dict>
				<key>explicitFileType</key>
				<string>sourcecode.c.h</string>
				<key>fileEncoding</key>
				<string>4</string>
				<key>isa</key>
				<string>PBXFileReference</string>
				<key>name</key>
				<string>OscTypes.h</string>
				<key>path</key>
				<string>../../../of_v0.10.0_osx_release/addons/ofxOsc/libs/oscpack/src/osc/OscTypes.h</string>
				<key>sourceTree</key>
				<string>SOURCE_ROOT</string>
			</dict>
			<key>3BFBDC46D30F9067DA03BCB1</key>
			<dict>
				<key>explicitFileType</key>
				<string>sourcecode.c.h</string>
				<key>fileEncoding</key>
				<string>4</string>
				<key>isa</key>
				<string>PBXFileReference</string>
				<key>name</key>
				<string>OscReceivedElements.h</string>
				<key>path</key>
				<string>../../../of_v0.10.0_osx_release/addons/ofxOsc/libs/oscpack/src/osc/OscReceivedElements.h</string>
				<key>sourceTree</key>
				<string>SOURCE_ROOT</string>
			</dict>
			<key>BB2723D4FC56EE75E3D42F51</key>
			<dict>
				<key>fileRef</key>
				<string>C8763BBE8ECB06DA07283D8D</string>
				<key>isa</key>
				<string>PBXBuildFile</string>
			</dict>
			<key>C8763BBE8ECB06DA07283D8D</key>
			<dict>
				<key>explicitFileType</key>
				<string>sourcecode.cpp.cpp</string>
				<key>fileEncoding</key>
				<string>4</string>
				<key>isa</key>
				<string>PBXFileReference</string>
				<key>name</key>
				<string>OscPrintReceivedElements.cpp</string>
				<key>path</key>
				<string>../../../of_v0.10.0_osx_release/addons/ofxOsc/libs/oscpack/src/osc/OscPrintReceivedElements.cpp</string>
				<key>sourceTree</key>
				<string>SOURCE_ROOT</string>
			</dict>
			<key>F9CF07130AC77D0BAA307265</key>
			<dict>
				<key>fileRef</key>
				<string>F00993D81E627C9001633193</string>
				<key>isa</key>
				<string>PBXBuildFile</string>
			</dict>
			<key>F00993D81E627C9001633193</key>
			<dict>
				<key>explicitFileType</key>
				<string>sourcecode.cpp.cpp</string>
				<key>fileEncoding</key>
				<string>4</string>
				<key>isa</key>
				<string>PBXFileReference</string>
				<key>name</key>
				<string>OscReceivedElements.cpp</string>
				<key>path</key>
				<string>../../../of_v0.10.0_osx_release/addons/ofxOsc/libs/oscpack/src/osc/OscReceivedElements.cpp</string>
				<key>sourceTree</key>
				<string>SOURCE_ROOT</string>
			</dict>
			<key>5231A022B401E5F3619851D9</key>
			<dict>
				<key>explicitFileType</key>
				<string>sourcecode.c.h</string>
				<key>fileEncoding</key>
				<string>4</string>
				<key>isa</key>
				<string>PBXFileReference</string>
				<key>name</key>
				<string>OscOutboundPacketStream.h</string>
				<key>path</key>
				<string>../../../of_v0.10.0_osx_release/addons/ofxOsc/libs/oscpack/src/osc/OscOutboundPacketStream.h</string>
				<key>sourceTree</key>
				<string>SOURCE_ROOT</string>
			</dict>
			<key>2B4A8BB9C9915D8C0F5DADA7</key>
			<dict>
				<key>explicitFileType</key>
				<string>sourcecode.c.h</string>
				<key>fileEncoding</key>
				<string>4</string>
				<key>isa</key>
				<string>PBXFileReference</string>
				<key>name</key>
				<string>OscException.h</string>
				<key>path</key>
				<string>../../../of_v0.10.0_osx_release/addons/ofxOsc/libs/oscpack/src/osc/OscException.h</string>
				<key>sourceTree</key>
				<string>SOURCE_ROOT</string>
			</dict>
			<key>93F8732DA9CE10A23F9B19D2</key>
			<dict>
				<key>explicitFileType</key>
				<string>sourcecode.c.h</string>
				<key>fileEncoding</key>
				<string>4</string>
				<key>isa</key>
				<string>PBXFileReference</string>
				<key>name</key>
				<string>OscHostEndianness.h</string>
				<key>path</key>
				<string>../../../of_v0.10.0_osx_release/addons/ofxOsc/libs/oscpack/src/osc/OscHostEndianness.h</string>
				<key>sourceTree</key>
				<string>SOURCE_ROOT</string>
			</dict>
			<key>84379376A855D91ECD084D7D</key>
			<dict>
				<key>explicitFileType</key>
				<string>sourcecode.c.h</string>
				<key>fileEncoding</key>
				<string>4</string>
				<key>isa</key>
				<string>PBXFileReference</string>
				<key>name</key>
				<string>MessageMappingOscPacketListener.h</string>
				<key>path</key>
				<string>../../../of_v0.10.0_osx_release/addons/ofxOsc/libs/oscpack/src/osc/MessageMappingOscPacketListener.h</string>
				<key>sourceTree</key>
				<string>SOURCE_ROOT</string>
			</dict>
			<key>6392EA66D08876DFA576CB1A</key>
			<dict>
				<key>explicitFileType</key>
				<string>sourcecode.c.h</string>
				<key>fileEncoding</key>
				<string>4</string>
				<key>isa</key>
				<string>PBXFileReference</string>
				<key>name</key>
				<string>OscPrintReceivedElements.h</string>
				<key>path</key>
				<string>../../../of_v0.10.0_osx_release/addons/ofxOsc/libs/oscpack/src/osc/OscPrintReceivedElements.h</string>
				<key>sourceTree</key>
				<string>SOURCE_ROOT</string>
			</dict>
			<key>CB2C041178D19B1BF5D387BF</key>
			<dict>
				<key>fileRef</key>
				<string>E24936D0968C2F3175CF39E1</string>
				<key>isa</key>
				<string>PBXBuildFile</string>
			</dict>
			<key>E24936D0968C2F3175CF39E1</key>
			<dict>
				<key>explicitFileType</key>
				<string>sourcecode.cpp.cpp</string>
				<key>fileEncoding</key>
				<string>4</string>
				<key>isa</key>
				<string>PBXFileReference</string>
				<key>name</key>
				<string>OscTypes.cpp</string>
				<key>path</key>
				<string>../../../of_v0.10.0_osx_release/addons/ofxOsc/libs/oscpack/src/osc/OscTypes.cpp</string>
				<key>sourceTree</key>
				<string>SOURCE_ROOT</string>
			</dict>
			<key>5A3D2475D39035724F97CB24</key>
			<dict>
				<key>explicitFileType</key>
				<string>sourcecode.c.h</string>
				<key>fileEncoding</key>
				<string>4</string>
				<key>isa</key>
				<string>PBXFileReference</string>
				<key>name</key>
				<string>OscPacketListener.h</string>
				<key>path</key>
				<string>../../../of_v0.10.0_osx_release/addons/ofxOsc/libs/oscpack/src/osc/OscPacketListener.h</string>
				<key>sourceTree</key>
				<string>SOURCE_ROOT</string>
			</dict>
			<key>30CB364908817057B430D528</key>
			<dict>
				<key>children</key>
				<array>
					<string>8D156241912A6E78AF20DF0F</string>
					<string>5A3D2475D39035724F97CB24</string>
					<string>E24936D0968C2F3175CF39E1</string>
					<string>6392EA66D08876DFA576CB1A</string>
					<string>84379376A855D91ECD084D7D</string>
					<string>93F8732DA9CE10A23F9B19D2</string>
					<string>2B4A8BB9C9915D8C0F5DADA7</string>
					<string>5231A022B401E5F3619851D9</string>
					<string>F00993D81E627C9001633193</string>
					<string>C8763BBE8ECB06DA07283D8D</string>
					<string>3BFBDC46D30F9067DA03BCB1</string>
					<string>BF8745680738F92C58B3EF98</string>
				</array>
				<key>isa</key>
				<string>PBXGroup</string>
				<key>name</key>
				<string>osc</string>
				<key>sourceTree</key>
				<string>&lt;group&gt;</string>
			</dict>
			<key>D27B2221A225CA523C019676</key>
			<dict>
				<key>children</key>
				<array>
					<string>30CB364908817057B430D528</string>
					<string>FF8CDF57858E9B94E3237115</string>
				</array>
				<key>isa</key>
				<string>PBXGroup</string>
				<key>name</key>
				<string>src</string>
				<key>sourceTree</key>
				<string>&lt;group&gt;</string>
			</dict>
			<key>86D2677079A3AF4A5A88E29A</key>
			<dict>
				<key>children</key>
				<array>
					<string>D27B2221A225CA523C019676</string>
				</array>
				<key>isa</key>
				<string>PBXGroup</string>
				<key>name</key>
				<string>oscpack</string>
				<key>sourceTree</key>
				<string>&lt;group&gt;</string>
			</dict>
			<key>38871A5825686AE018EC2BF0</key>
			<dict>
				<key>children</key>
				<array>
					<string>86D2677079A3AF4A5A88E29A</string>
				</array>
				<key>isa</key>
				<string>PBXGroup</string>
				<key>name</key>
				<string>libs</string>
				<key>sourceTree</key>
				<string>&lt;group&gt;</string>
			</dict>
			<key>3D27AA3FF4FF6632C80C1335</key>
			<dict>
				<key>fileRef</key>
				<string>8D156241912A6E78AF20DF0F</string>
				<key>isa</key>
				<string>PBXBuildFile</string>
			</dict>
			<key>8D156241912A6E78AF20DF0F</key>
			<dict>
				<key>explicitFileType</key>
				<string>sourcecode.cpp.cpp</string>
				<key>fileEncoding</key>
				<string>4</string>
				<key>isa</key>
				<string>PBXFileReference</string>
				<key>name</key>
				<string>OscOutboundPacketStream.cpp</string>
				<key>path</key>
				<string>../../../of_v0.10.0_osx_release/addons/ofxOsc/libs/oscpack/src/osc/OscOutboundPacketStream.cpp</string>
				<key>sourceTree</key>
				<string>SOURCE_ROOT</string>
			</dict>
			<key>6060D0B7D8BC0EB912E19615</key>
			<dict>
				<key>explicitFileType</key>
				<string>sourcecode.c.h</string>
				<key>fileEncoding</key>
				<string>4</string>
				<key>isa</key>
				<string>PBXFileReference</string>
				<key>name</key>
				<string>ofxOscSender.h</string>
				<key>path</key>
				<string>../../../of_v0.10.0_osx_release/addons/ofxOsc/src/ofxOscSender.h</string>
				<key>sourceTree</key>
				<string>SOURCE_ROOT</string>
			</dict>
			<key>C9F920D055A746F1C9834CDD</key>
			<dict>
				<key>fileRef</key>
				<string>9593DF9F1F545210B6639A84</string>
				<key>isa</key>
				<string>PBXBuildFile</string>
			</dict>
			<key>9593DF9F1F545210B6639A84</key>
			<dict>
				<key>explicitFileType</key>
				<string>sourcecode.cpp.cpp</string>
				<key>fileEncoding</key>
				<string>4</string>
				<key>isa</key>
				<string>PBXFileReference</string>
				<key>name</key>
				<string>ofxOscSender.cpp</string>
				<key>path</key>
				<string>../../../of_v0.10.0_osx_release/addons/ofxOsc/src/ofxOscSender.cpp</string>
				<key>sourceTree</key>
				<string>SOURCE_ROOT</string>
			</dict>
			<key>40AE7B5D3216CD30BFF0A5B9</key>
			<dict>
				<key>explicitFileType</key>
				<string>sourcecode.c.h</string>
				<key>fileEncoding</key>
				<string>4</string>
				<key>isa</key>
				<string>PBXFileReference</string>
				<key>name</key>
				<string>ofxOscBundle.h</string>
				<key>path</key>
				<string>../../../of_v0.10.0_osx_release/addons/ofxOsc/src/ofxOscBundle.h</string>
				<key>sourceTree</key>
				<string>SOURCE_ROOT</string>
			</dict>
			<key>FA9E23706DB6E29486CC0DDE</key>
			<dict>
				<key>explicitFileType</key>
				<string>sourcecode.c.h</string>
				<key>fileEncoding</key>
				<string>4</string>
				<key>isa</key>
				<string>PBXFileReference</string>
				<key>name</key>
				<string>ofxOscMessage.h</string>
				<key>path</key>
				<string>../../../of_v0.10.0_osx_release/addons/ofxOsc/src/ofxOscMessage.h</string>
				<key>sourceTree</key>
				<string>SOURCE_ROOT</string>
			</dict>
			<key>5E3DDDEEE664410368C335BB</key>
			<dict>
				<key>fileRef</key>
				<string>2597D86755117E0938FC73FB</string>
				<key>isa</key>
				<string>PBXBuildFile</string>
			</dict>
			<key>2597D86755117E0938FC73FB</key>
			<dict>
				<key>explicitFileType</key>
				<string>sourcecode.cpp.cpp</string>
				<key>fileEncoding</key>
				<string>4</string>
				<key>isa</key>
				<string>PBXFileReference</string>
				<key>name</key>
				<string>ofxOscReceiver.cpp</string>
				<key>path</key>
				<string>../../../of_v0.10.0_osx_release/addons/ofxOsc/src/ofxOscReceiver.cpp</string>
				<key>sourceTree</key>
				<string>SOURCE_ROOT</string>
			</dict>
			<key>7E060AFD65788AFED15FF9D6</key>
			<dict>
				<key>explicitFileType</key>
				<string>sourcecode.c.h</string>
				<key>fileEncoding</key>
				<string>4</string>
				<key>isa</key>
				<string>PBXFileReference</string>
				<key>name</key>
				<string>ofxOscArg.h</string>
				<key>path</key>
				<string>../../../of_v0.10.0_osx_release/addons/ofxOsc/src/ofxOscArg.h</string>
				<key>sourceTree</key>
				<string>SOURCE_ROOT</string>
			</dict>
			<key>6DC55DB51AECDD5390C5874A</key>
			<dict>
				<key>explicitFileType</key>
				<string>sourcecode.c.h</string>
				<key>fileEncoding</key>
				<string>4</string>
				<key>isa</key>
				<string>PBXFileReference</string>
				<key>name</key>
				<string>ofxOscReceiver.h</string>
				<key>path</key>
				<string>../../../of_v0.10.0_osx_release/addons/ofxOsc/src/ofxOscReceiver.h</string>
				<key>sourceTree</key>
				<string>SOURCE_ROOT</string>
			</dict>
			<key>517F97C26F594AF264DA850F</key>
			<dict>
				<key>fileRef</key>
				<string>FA91FCB24AE2B888E69FBE65</string>
				<key>isa</key>
				<string>PBXBuildFile</string>
			</dict>
			<key>FA91FCB24AE2B888E69FBE65</key>
			<dict>
				<key>explicitFileType</key>
				<string>sourcecode.cpp.cpp</string>
				<key>fileEncoding</key>
				<string>4</string>
				<key>isa</key>
				<string>PBXFileReference</string>
				<key>name</key>
				<string>ofxOscBundle.cpp</string>
				<key>path</key>
				<string>../../../of_v0.10.0_osx_release/addons/ofxOsc/src/ofxOscBundle.cpp</string>
				<key>sourceTree</key>
				<string>SOURCE_ROOT</string>
			</dict>
			<key>EC89F07C70F33EDD1552455E</key>
			<dict>
				<key>explicitFileType</key>
				<string>sourcecode.c.h</string>
				<key>fileEncoding</key>
				<string>4</string>
				<key>isa</key>
				<string>PBXFileReference</string>
				<key>name</key>
				<string>ofxOsc.h</string>
				<key>path</key>
				<string>../../../of_v0.10.0_osx_release/addons/ofxOsc/src/ofxOsc.h</string>
				<key>sourceTree</key>
				<string>SOURCE_ROOT</string>
			</dict>
			<key>4A067FC20DE3CE33F1D9A7B9</key>
			<dict>
				<key>fileRef</key>
				<string>8BF362B04F700152491EFA84</string>
				<key>isa</key>
				<string>PBXBuildFile</string>
			</dict>
			<key>8BF362B04F700152491EFA84</key>
			<dict>
				<key>explicitFileType</key>
				<string>sourcecode.cpp.cpp</string>
				<key>fileEncoding</key>
				<string>4</string>
				<key>isa</key>
				<string>PBXFileReference</string>
				<key>name</key>
				<string>ofxOscMessage.cpp</string>
				<key>path</key>
				<string>../../../of_v0.10.0_osx_release/addons/ofxOsc/src/ofxOscMessage.cpp</string>
				<key>sourceTree</key>
				<string>SOURCE_ROOT</string>
			</dict>
			<key>2856A98D371FD33439A46FD2</key>
			<dict>
				<key>fileRef</key>
				<string>FD680A1885C1ABE5883C659E</string>
				<key>isa</key>
				<string>PBXBuildFile</string>
			</dict>
			<key>FD680A1885C1ABE5883C659E</key>
			<dict>
				<key>explicitFileType</key>
				<string>sourcecode.cpp.cpp</string>
				<key>fileEncoding</key>
				<string>4</string>
				<key>isa</key>
				<string>PBXFileReference</string>
				<key>name</key>
				<string>ofxOscParameterSync.cpp</string>
				<key>path</key>
				<string>../../../of_v0.10.0_osx_release/addons/ofxOsc/src/ofxOscParameterSync.cpp</string>
				<key>sourceTree</key>
				<string>SOURCE_ROOT</string>
			</dict>
			<key>BD2F1A9F8D0C05EDB29122D0</key>
			<dict>
				<key>children</key>
				<array>
					<string>8304EAC02BCF28CB03A5B78B</string>
					<string>FD680A1885C1ABE5883C659E</string>
					<string>8BF362B04F700152491EFA84</string>
					<string>EC89F07C70F33EDD1552455E</string>
					<string>FA91FCB24AE2B888E69FBE65</string>
					<string>6DC55DB51AECDD5390C5874A</string>
					<string>7E060AFD65788AFED15FF9D6</string>
					<string>2597D86755117E0938FC73FB</string>
					<string>FA9E23706DB6E29486CC0DDE</string>
					<string>40AE7B5D3216CD30BFF0A5B9</string>
					<string>9593DF9F1F545210B6639A84</string>
					<string>6060D0B7D8BC0EB912E19615</string>
				</array>
				<key>isa</key>
				<string>PBXGroup</string>
				<key>name</key>
				<string>src</string>
				<key>sourceTree</key>
				<string>&lt;group&gt;</string>
			</dict>
			<key>E6053AB7FEC63D5F83825B88</key>
			<dict>
				<key>children</key>
				<array>
					<string>BD2F1A9F8D0C05EDB29122D0</string>
					<string>38871A5825686AE018EC2BF0</string>
				</array>
				<key>isa</key>
				<string>PBXGroup</string>
				<key>name</key>
				<string>ofxOsc</string>
				<key>sourceTree</key>
				<string>&lt;group&gt;</string>
			</dict>
			<key>8304EAC02BCF28CB03A5B78B</key>
			<dict>
				<key>explicitFileType</key>
				<string>sourcecode.c.h</string>
				<key>fileEncoding</key>
				<string>4</string>
				<key>isa</key>
				<string>PBXFileReference</string>
				<key>name</key>
				<string>ofxOscParameterSync.h</string>
				<key>path</key>
				<string>../../../of_v0.10.0_osx_release/addons/ofxOsc/src/ofxOscParameterSync.h</string>
				<key>sourceTree</key>
				<string>SOURCE_ROOT</string>
			</dict>
			<key>13640336A27ADEC4BE6CCDC7</key>
			<dict>
				<key>fileRef</key>
				<string>B0C4664121832C8622227AFA</string>
				<key>isa</key>
				<string>PBXBuildFile</string>
			</dict>
			<key>B0C4664121832C8622227AFA</key>
			<dict>
				<key>explicitFileType</key>
				<string>sourcecode.cpp.cpp</string>
				<key>fileEncoding</key>
				<string>4</string>
				<key>isa</key>
				<string>PBXFileReference</string>
				<key>name</key>
				<string>ofxOpenBCI.cpp</string>
				<key>path</key>
				<string>../../../of_v0.10.0_osx_release/addons/ofxOpenBCI/src/ofxOpenBCI.cpp</string>
				<key>sourceTree</key>
				<string>SOURCE_ROOT</string>
			</dict>
			<key>038E45628D23A532BE1972D4</key>
			<dict>
				<key>children</key>
				<array>
					<string>04F919A3D149AAF959B08BEE</string>
					<string>B0C4664121832C8622227AFA</string>
				</array>
				<key>isa</key>
				<string>PBXGroup</string>
				<key>name</key>
				<string>src</string>
				<key>sourceTree</key>
				<string>&lt;group&gt;</string>
			</dict>
			<key>4D5E61A544F90F181FB1E7BE</key>
			<dict>
				<key>children</key>
				<array>
					<string>038E45628D23A532BE1972D4</string>
				</array>
				<key>isa</key>
				<string>PBXGroup</string>
				<key>name</key>
				<string>ofxOpenBCI</string>
				<key>sourceTree</key>
				<string>&lt;group&gt;</string>
			</dict>
			<key>04F919A3D149AAF959B08BEE</key>
			<dict>
				<key>explicitFileType</key>
				<string>sourcecode.c.h</string>
				<key>fileEncoding</key>
				<string>4</string>
				<key>isa</key>
				<string>PBXFileReference</string>
				<key>name</key>
				<string>ofxOpenBCI.hpp</string>
				<key>path</key>
				<string>../../../of_v0.10.0_osx_release/addons/ofxOpenBCI/src/ofxOpenBCI.hpp</string>
				<key>sourceTree</key>
				<string>SOURCE_ROOT</string>
			</dict>
			<key>A19B10D192CB9AB8CF5C1B9C</key>
			<dict>
				<key>explicitFileType</key>
				<string>sourcecode.c.h</string>
				<key>fileEncoding</key>
				<string>4</string>
				<key>isa</key>
				<string>PBXFileReference</string>
				<key>name</key>
				<string>ofxPanel.h</string>
				<key>path</key>
				<string>../../../of_v0.10.0_osx_release/addons/ofxGui/src/ofxPanel.h</string>
				<key>sourceTree</key>
				<string>SOURCE_ROOT</string>
			</dict>
			<key>3ADFF83ABCB666AD0FF22A1F</key>
			<dict>
				<key>explicitFileType</key>
				<string>sourcecode.c.h</string>
				<key>fileEncoding</key>
				<string>4</string>
				<key>isa</key>
				<string>PBXFileReference</string>
				<key>name</key>
				<string>ofxColorPicker.h</string>
				<key>path</key>
				<string>../../../of_v0.10.0_osx_release/addons/ofxGui/src/ofxColorPicker.h</string>
				<key>sourceTree</key>
				<string>SOURCE_ROOT</string>
			</dict>
			<key>DE3FFF5CC8DAB69978EAA558</key>
			<dict>
				<key>fileRef</key>
				<string>90C79B287711B436206F2F05</string>
				<key>isa</key>
				<string>PBXBuildFile</string>
			</dict>
			<key>90C79B287711B436206F2F05</key>
			<dict>
				<key>explicitFileType</key>
				<string>sourcecode.cpp.cpp</string>
				<key>fileEncoding</key>
				<string>4</string>
				<key>isa</key>
				<string>PBXFileReference</string>
				<key>name</key>
				<string>ofxSlider.cpp</string>
				<key>path</key>
				<string>../../../of_v0.10.0_osx_release/addons/ofxGui/src/ofxSlider.cpp</string>
				<key>sourceTree</key>
				<string>SOURCE_ROOT</string>
			</dict>
			<key>70FBD7FAE644F9110FAE7AA3</key>
			<dict>
				<key>fileRef</key>
				<string>D68C4DED172CDCAE37FBB4A6</string>
				<key>isa</key>
				<string>PBXBuildFile</string>
			</dict>
			<key>D68C4DED172CDCAE37FBB4A6</key>
			<dict>
				<key>explicitFileType</key>
				<string>sourcecode.cpp.cpp</string>
				<key>fileEncoding</key>
				<string>4</string>
				<key>isa</key>
				<string>PBXFileReference</string>
				<key>name</key>
				<string>ofxPanel.cpp</string>
				<key>path</key>
				<string>../../../of_v0.10.0_osx_release/addons/ofxGui/src/ofxPanel.cpp</string>
				<key>sourceTree</key>
				<string>SOURCE_ROOT</string>
			</dict>
			<key>585E43990D9A68E0A1A8B5CB</key>
			<dict>
				<key>explicitFileType</key>
				<string>sourcecode.c.h</string>
				<key>fileEncoding</key>
				<string>4</string>
				<key>isa</key>
				<string>PBXFileReference</string>
				<key>name</key>
				<string>ofxSliderGroup.h</string>
				<key>path</key>
				<string>../../../of_v0.10.0_osx_release/addons/ofxGui/src/ofxSliderGroup.h</string>
				<key>sourceTree</key>
				<string>SOURCE_ROOT</string>
			</dict>
			<key>D2BD4F84CEC40F6FC786264D</key>
			<dict>
				<key>explicitFileType</key>
				<string>sourcecode.c.h</string>
				<key>fileEncoding</key>
				<string>4</string>
				<key>isa</key>
				<string>PBXFileReference</string>
				<key>name</key>
				<string>ofxInputField.h</string>
				<key>path</key>
				<string>../../../of_v0.10.0_osx_release/addons/ofxGui/src/ofxInputField.h</string>
				<key>sourceTree</key>
				<string>SOURCE_ROOT</string>
			</dict>
			<key>50281A90D6E136FF6F62A452</key>
			<dict>
				<key>explicitFileType</key>
				<string>sourcecode.c.h</string>
				<key>fileEncoding</key>
				<string>4</string>
				<key>isa</key>
				<string>PBXFileReference</string>
				<key>name</key>
				<string>ofxLabel.h</string>
				<key>path</key>
				<string>../../../of_v0.10.0_osx_release/addons/ofxGui/src/ofxLabel.h</string>
				<key>sourceTree</key>
				<string>SOURCE_ROOT</string>
			</dict>
			<key>4D9B996E6482F78294FDDBB1</key>
			<dict>
				<key>explicitFileType</key>
				<string>sourcecode.c.h</string>
				<key>fileEncoding</key>
				<string>4</string>
				<key>isa</key>
				<string>PBXFileReference</string>
				<key>name</key>
				<string>ofxButton.h</string>
				<key>path</key>
				<string>../../../of_v0.10.0_osx_release/addons/ofxGui/src/ofxButton.h</string>
				<key>sourceTree</key>
				<string>SOURCE_ROOT</string>
			</dict>
			<key>CD511C1864653E618F584615</key>
			<dict>
				<key>explicitFileType</key>
				<string>sourcecode.c.h</string>
				<key>fileEncoding</key>
				<string>4</string>
				<key>isa</key>
				<string>PBXFileReference</string>
				<key>name</key>
				<string>ofxBaseGui.h</string>
				<key>path</key>
				<string>../../../of_v0.10.0_osx_release/addons/ofxGui/src/ofxBaseGui.h</string>
				<key>sourceTree</key>
				<string>SOURCE_ROOT</string>
			</dict>
			<key>4E75711614C52AD298C635FC</key>
			<dict>
				<key>explicitFileType</key>
				<string>sourcecode.c.h</string>
				<key>fileEncoding</key>
				<string>4</string>
				<key>isa</key>
				<string>PBXFileReference</string>
				<key>name</key>
				<string>ofxGui.h</string>
				<key>path</key>
				<string>../../../of_v0.10.0_osx_release/addons/ofxGui/src/ofxGui.h</string>
				<key>sourceTree</key>
				<string>SOURCE_ROOT</string>
			</dict>
			<key>DB705FA4DEC34D0CE7DB2BC6</key>
			<dict>
				<key>explicitFileType</key>
				<string>sourcecode.c.h</string>
				<key>fileEncoding</key>
				<string>4</string>
				<key>isa</key>
				<string>PBXFileReference</string>
				<key>name</key>
				<string>ofxSlider.h</string>
				<key>path</key>
				<string>../../../of_v0.10.0_osx_release/addons/ofxGui/src/ofxSlider.h</string>
				<key>sourceTree</key>
				<string>SOURCE_ROOT</string>
			</dict>
			<key>22B0F534E1C4B11F705A27A7</key>
			<dict>
				<key>fileRef</key>
				<string>5EED62DAA4236F8E3E59E507</string>
				<key>isa</key>
				<string>PBXBuildFile</string>
			</dict>
			<key>5EED62DAA4236F8E3E59E507</key>
			<dict>
				<key>explicitFileType</key>
				<string>sourcecode.cpp.cpp</string>
				<key>fileEncoding</key>
				<string>4</string>
				<key>isa</key>
				<string>PBXFileReference</string>
				<key>name</key>
				<string>ofxLabel.cpp</string>
				<key>path</key>
				<string>../../../of_v0.10.0_osx_release/addons/ofxGui/src/ofxLabel.cpp</string>
				<key>sourceTree</key>
				<string>SOURCE_ROOT</string>
			</dict>
			<key>3459C3F2299961156C1B1D7D</key>
			<dict>
				<key>explicitFileType</key>
				<string>sourcecode.c.h</string>
				<key>fileEncoding</key>
				<string>4</string>
				<key>isa</key>
				<string>PBXFileReference</string>
				<key>name</key>
				<string>ofxToggle.h</string>
				<key>path</key>
				<string>../../../of_v0.10.0_osx_release/addons/ofxGui/src/ofxToggle.h</string>
				<key>sourceTree</key>
				<string>SOURCE_ROOT</string>
			</dict>
			<key>F84DAD08C0AA616E2870A3ED</key>
			<dict>
				<key>fileRef</key>
				<string>2DC20E6D5D80A730C3693C8E</string>
				<key>isa</key>
				<string>PBXBuildFile</string>
			</dict>
			<key>2DC20E6D5D80A730C3693C8E</key>
			<dict>
				<key>explicitFileType</key>
				<string>sourcecode.cpp.cpp</string>
				<key>fileEncoding</key>
				<string>4</string>
				<key>isa</key>
				<string>PBXFileReference</string>
				<key>name</key>
				<string>ofxInputField.cpp</string>
				<key>path</key>
				<string>../../../of_v0.10.0_osx_release/addons/ofxGui/src/ofxInputField.cpp</string>
				<key>sourceTree</key>
				<string>SOURCE_ROOT</string>
			</dict>
			<key>1021A1411DADC9FF9AAA8698</key>
			<dict>
				<key>fileRef</key>
				<string>A4737A98AE0E6B01F4BDDC91</string>
				<key>isa</key>
				<string>PBXBuildFile</string>
			</dict>
			<key>A4737A98AE0E6B01F4BDDC91</key>
			<dict>
				<key>explicitFileType</key>
				<string>sourcecode.cpp.cpp</string>
				<key>fileEncoding</key>
				<string>4</string>
				<key>isa</key>
				<string>PBXFileReference</string>
				<key>name</key>
				<string>ofxGuiGroup.cpp</string>
				<key>path</key>
				<string>../../../of_v0.10.0_osx_release/addons/ofxGui/src/ofxGuiGroup.cpp</string>
				<key>sourceTree</key>
				<string>SOURCE_ROOT</string>
			</dict>
			<key>6822F8289D179C4BF60E3519</key>
			<dict>
				<key>fileRef</key>
				<string>AD8ABC1A79DFA286B03694B2</string>
				<key>isa</key>
				<string>PBXBuildFile</string>
			</dict>
			<key>AD8ABC1A79DFA286B03694B2</key>
			<dict>
				<key>explicitFileType</key>
				<string>sourcecode.cpp.cpp</string>
				<key>fileEncoding</key>
				<string>4</string>
				<key>isa</key>
				<string>PBXFileReference</string>
				<key>name</key>
				<string>ofxButton.cpp</string>
				<key>path</key>
				<string>../../../of_v0.10.0_osx_release/addons/ofxGui/src/ofxButton.cpp</string>
				<key>sourceTree</key>
				<string>SOURCE_ROOT</string>
			</dict>
			<key>A7702BC48B7C58A3C4AC7670</key>
			<dict>
				<key>fileRef</key>
				<string>5E07195FE17119FFBEE0032E</string>
				<key>isa</key>
				<string>PBXBuildFile</string>
			</dict>
			<key>5E07195FE17119FFBEE0032E</key>
			<dict>
				<key>explicitFileType</key>
				<string>sourcecode.cpp.cpp</string>
				<key>fileEncoding</key>
				<string>4</string>
				<key>isa</key>
				<string>PBXFileReference</string>
				<key>name</key>
				<string>ofxToggle.cpp</string>
				<key>path</key>
				<string>../../../of_v0.10.0_osx_release/addons/ofxGui/src/ofxToggle.cpp</string>
				<key>sourceTree</key>
				<string>SOURCE_ROOT</string>
			</dict>
			<key>CD79645E932E13257A1029A5</key>
			<dict>
				<key>fileRef</key>
				<string>47D30FCC41D42CC9DDDF018D</string>
				<key>isa</key>
				<string>PBXBuildFile</string>
			</dict>
			<key>47D30FCC41D42CC9DDDF018D</key>
			<dict>
				<key>explicitFileType</key>
				<string>sourcecode.cpp.cpp</string>
				<key>fileEncoding</key>
				<string>4</string>
				<key>isa</key>
				<string>PBXFileReference</string>
				<key>name</key>
				<string>ofxSliderGroup.cpp</string>
				<key>path</key>
				<string>../../../of_v0.10.0_osx_release/addons/ofxGui/src/ofxSliderGroup.cpp</string>
				<key>sourceTree</key>
				<string>SOURCE_ROOT</string>
			</dict>
			<key>3B5D497BB13FE0A313B4BC6E</key>
			<dict>
				<key>fileRef</key>
				<string>4C10A75084E388FC5ED6E64E</string>
				<key>isa</key>
				<string>PBXBuildFile</string>
			</dict>
			<key>4C10A75084E388FC5ED6E64E</key>
			<dict>
				<key>explicitFileType</key>
				<string>sourcecode.cpp.cpp</string>
				<key>fileEncoding</key>
				<string>4</string>
				<key>isa</key>
				<string>PBXFileReference</string>
				<key>name</key>
				<string>ofxColorPicker.cpp</string>
				<key>path</key>
				<string>../../../of_v0.10.0_osx_release/addons/ofxGui/src/ofxColorPicker.cpp</string>
				<key>sourceTree</key>
				<string>SOURCE_ROOT</string>
			</dict>
			<key>6D18B06D57BBD1C062CDB30A</key>
			<dict>
				<key>fileRef</key>
				<string>30636095A83276EDC23F505E</string>
				<key>isa</key>
				<string>PBXBuildFile</string>
			</dict>
			<key>30636095A83276EDC23F505E</key>
			<dict>
				<key>explicitFileType</key>
				<string>sourcecode.cpp.cpp</string>
				<key>fileEncoding</key>
				<string>4</string>
				<key>isa</key>
				<string>PBXFileReference</string>
				<key>name</key>
				<string>ofxBaseGui.cpp</string>
				<key>path</key>
				<string>../../../of_v0.10.0_osx_release/addons/ofxGui/src/ofxBaseGui.cpp</string>
				<key>sourceTree</key>
				<string>SOURCE_ROOT</string>
			</dict>
			<key>A763ED608B35AE3310251DEE</key>
			<dict>
				<key>children</key>
				<array>
					<string>C67AEEB22C8C77C66B39FC8E</string>
					<string>30636095A83276EDC23F505E</string>
					<string>4C10A75084E388FC5ED6E64E</string>
					<string>47D30FCC41D42CC9DDDF018D</string>
					<string>5E07195FE17119FFBEE0032E</string>
					<string>AD8ABC1A79DFA286B03694B2</string>
					<string>A4737A98AE0E6B01F4BDDC91</string>
					<string>2DC20E6D5D80A730C3693C8E</string>
					<string>3459C3F2299961156C1B1D7D</string>
					<string>5EED62DAA4236F8E3E59E507</string>
					<string>DB705FA4DEC34D0CE7DB2BC6</string>
					<string>4E75711614C52AD298C635FC</string>
					<string>CD511C1864653E618F584615</string>
					<string>4D9B996E6482F78294FDDBB1</string>
					<string>50281A90D6E136FF6F62A452</string>
					<string>D2BD4F84CEC40F6FC786264D</string>
					<string>585E43990D9A68E0A1A8B5CB</string>
					<string>D68C4DED172CDCAE37FBB4A6</string>
					<string>90C79B287711B436206F2F05</string>
					<string>3ADFF83ABCB666AD0FF22A1F</string>
					<string>A19B10D192CB9AB8CF5C1B9C</string>
				</array>
				<key>isa</key>
				<string>PBXGroup</string>
				<key>name</key>
				<string>src</string>
				<key>sourceTree</key>
				<string>&lt;group&gt;</string>
			</dict>
			<key>480A780D8D0308AE4A368801</key>
			<dict>
				<key>children</key>
				<array>
					<string>A763ED608B35AE3310251DEE</string>
				</array>
				<key>isa</key>
				<string>PBXGroup</string>
				<key>name</key>
				<string>ofxGui</string>
				<key>sourceTree</key>
				<string>&lt;group&gt;</string>
			</dict>
			<key>C67AEEB22C8C77C66B39FC8E</key>
			<dict>
				<key>explicitFileType</key>
				<string>sourcecode.c.h</string>
				<key>fileEncoding</key>
				<string>4</string>
				<key>isa</key>
				<string>PBXFileReference</string>
				<key>name</key>
				<string>ofxGuiGroup.h</string>
				<key>path</key>
				<string>../../../of_v0.10.0_osx_release/addons/ofxGui/src/ofxGuiGroup.h</string>
				<key>sourceTree</key>
				<string>SOURCE_ROOT</string>
			</dict>
			<key>6948EE371B920CB800B5AC1A</key>
			<dict>
				<key>children</key>
				<array />
				<key>isa</key>
				<string>PBXGroup</string>
				<key>name</key>
				<string>local_addons</string>
				<key>sourceTree</key>
				<string>&lt;group&gt;</string>
			</dict>
			<key>8466F1851C04CA0E00918B1C</key>
			<dict>
				<key>buildActionMask</key>
				<string>12</string>
				<key>files</key>
				<array />
				<key>inputPaths</key>
				<array />
				<key>isa</key>
				<string>PBXShellScriptBuildPhase</string>
				<key>outputPaths</key>
				<array />
				<key>runOnlyForDeploymentPostprocessing</key>
				<string>0</string>
				<key>shellPath</key>
				<string>/bin/sh</string>
				<key>shellScript</key>
				<string>echo "$GCC_PREPROCESSOR_DEFINITIONS";
APPSTORE=`expr "$GCC_PREPROCESSOR_DEFINITIONS" : ".*APPSTORE=\([0-9]*\)"`
if [ -z "$APPSTORE" ] ; then
echo "Note: Not copying bin/data to App Package or doing App Code signing. Use AppStore target for AppStore distribution";
else
# Copy bin/data into App/Resources
rsync -avz --exclude='.DS_Store' "${SRCROOT}/bin/data/" "${TARGET_BUILD_DIR}/${UNLOCALIZED_RESOURCES_FOLDER_PATH}/data/"

# ---- Code Sign App Package ----

# WARNING: You may have to run Clean in Xcode after changing CODE_SIGN_IDENTITY!

# Verify that $CODE_SIGN_IDENTITY is set
if [ -z "${CODE_SIGN_IDENTITY}" ] ; then
echo "CODE_SIGN_IDENTITY needs to be set for framework code-signing"
exit 0
fi

if [ -z "${CODE_SIGN_ENTITLEMENTS}" ] ; then
echo "CODE_SIGN_ENTITLEMENTS needs to be set for framework code-signing!"

if [ "${CONFIGURATION}" = "Release" ] ; then
exit 1
else
# Code-signing is optional for non-release builds.
exit 0
fi
fi

ITEMS=""

FRAMEWORKS_DIR="${TARGET_BUILD_DIR}/${FRAMEWORKS_FOLDER_PATH}"
echo "$FRAMEWORKS_DIR"
if [ -d "$FRAMEWORKS_DIR" ] ; then
FRAMEWORKS=$(find "${FRAMEWORKS_DIR}" -depth -type d -name "*.framework" -or -name "*.dylib" -or -name "*.bundle" | sed -e "s/\(.*framework\)/\1\/Versions\/A\//")
RESULT=$?
if [[ $RESULT != 0 ]] ; then
exit 1
fi

ITEMS="${FRAMEWORKS}"
fi

LOGINITEMS_DIR="${TARGET_BUILD_DIR}/${CONTENTS_FOLDER_PATH}/Library/LoginItems/"
if [ -d "$LOGINITEMS_DIR" ] ; then
LOGINITEMS=$(find "${LOGINITEMS_DIR}" -depth -type d -name "*.app")
RESULT=$?
if [[ $RESULT != 0 ]] ; then
exit 1
fi

ITEMS="${ITEMS}"$'\n'"${LOGINITEMS}"
fi

# Prefer the expanded name, if available.
CODE_SIGN_IDENTITY_FOR_ITEMS="${EXPANDED_CODE_SIGN_IDENTITY_NAME}"
if [ "${CODE_SIGN_IDENTITY_FOR_ITEMS}" = "" ] ; then
# Fall back to old behavior.
CODE_SIGN_IDENTITY_FOR_ITEMS="${CODE_SIGN_IDENTITY}"
fi

echo "Identity:"
echo "${CODE_SIGN_IDENTITY_FOR_ITEMS}"

echo "Entitlements:"
echo "${CODE_SIGN_ENTITLEMENTS}"

echo "Found:"
echo "${ITEMS}"

# Change the Internal Field Separator (IFS) so that spaces in paths will not cause problems below.
SAVED_IFS=$IFS
IFS=$(echo -en "\n\b")

# Loop through all items.
for ITEM in $ITEMS;
do
echo "Signing '${ITEM}'"
codesign --force --verbose --sign "${CODE_SIGN_IDENTITY_FOR_ITEMS}" --entitlements "${CODE_SIGN_ENTITLEMENTS}" "${ITEM}"
RESULT=$?
if [[ $RESULT != 0 ]] ; then
echo "Failed to sign '${ITEM}'."
IFS=$SAVED_IFS
exit 1
fi
done

# Restore $IFS.
IFS=$SAVED_IFS

fi
</string>
			</dict>
			<key>99FA3DBB1C7456C400CFA0EE</key>
			<dict>
				<key>baseConfigurationReference</key>
				<string>E4EB6923138AFD0F00A09F29</string>
				<key>buildSettings</key>
				<dict>
					<key>HEADER_SEARCH_PATHS</key>
					<array>
						<string>$(OF_CORE_HEADERS)</string>
						<string>src</string>
						<string>../../../of_v0.10.0_osx_release/addons/ofxGui/src</string>
						<string>../../../of_v0.10.0_osx_release/addons/ofxOpenBCI/src</string>
						<string>../../../of_v0.10.0_osx_release/addons/ofxOsc/libs</string>
						<string>../../../of_v0.10.0_osx_release/addons/ofxOsc/libs/oscpack</string>
						<string>../../../of_v0.10.0_osx_release/addons/ofxOsc/libs/oscpack/src</string>
						<string>../../../of_v0.10.0_osx_release/addons/ofxOsc/libs/oscpack/src/ip</string>
						<string>../../../of_v0.10.0_osx_release/addons/ofxOsc/libs/oscpack/src/ip/posix</string>
						<string>../../../of_v0.10.0_osx_release/addons/ofxOsc/libs/oscpack/src/ip/win32</string>
						<string>../../../of_v0.10.0_osx_release/addons/ofxOsc/libs/oscpack/src/osc</string>
						<string>../../../of_v0.10.0_osx_release/addons/ofxOsc/src</string>
						<string>../../../of_v0.10.0_osx_release/addons/ofxPubSubOsc/src</string>
						<string>../../../of_v0.10.0_osx_release/addons/ofxPubSubOsc/src/details</string>
						<string>../../../of_v0.10.0_osx_release/addons/ofxPubSubOsc/src/details/Publisher</string>
						<string>../../../of_v0.10.0_osx_release/addons/ofxPubSubOsc/src/details/Subscriber</string>
					</array>
					<key>CONFIGURATION_BUILD_DIR</key>
					<string>$(SRCROOT)/bin/</string>
					<key>COPY_PHASE_STRIP</key>
					<string>YES</string>
					<key>DEAD_CODE_STRIPPING</key>
					<string>YES</string>
					<key>GCC_AUTO_VECTORIZATION</key>
					<string>YES</string>
					<key>GCC_ENABLE_SSE3_EXTENSIONS</key>
					<string>YES</string>
					<key>GCC_ENABLE_SUPPLEMENTAL_SSE3_INSTRUCTIONS</key>
					<string>YES</string>
					<key>GCC_INLINES_ARE_PRIVATE_EXTERN</key>
					<string>NO</string>
					<key>GCC_OPTIMIZATION_LEVEL</key>
					<string>3</string>
					<key>GCC_PREPROCESSOR_DEFINITIONS[arch=*]</key>
					<string>DISTRIBUTION=1</string>
					<key>GCC_SYMBOLS_PRIVATE_EXTERN</key>
					<string>NO</string>
					<key>GCC_UNROLL_LOOPS</key>
					<string>YES</string>
					<key>GCC_WARN_ABOUT_DEPRECATED_FUNCTIONS</key>
					<string>YES</string>
					<key>GCC_WARN_ABOUT_INVALID_OFFSETOF_MACRO</key>
					<string>NO</string>
					<key>GCC_WARN_ALLOW_INCOMPLETE_PROTOCOL</key>
					<string>NO</string>
					<key>GCC_WARN_UNINITIALIZED_AUTOS</key>
					<string>NO</string>
					<key>GCC_WARN_UNUSED_VALUE</key>
					<string>NO</string>
					<key>GCC_WARN_UNUSED_VARIABLE</key>
					<string>NO</string>
					<key>MACOSX_DEPLOYMENT_TARGET</key>
					<string>10.9</string>
					<key>OTHER_CPLUSPLUSFLAGS</key>
					<array>
						<string>-D__MACOSX_CORE__</string>
						<string>-mtune=native</string>
					</array>
					<key>SDKROOT</key>
					<string>macosx</string>
				</dict>
				<key>isa</key>
				<string>XCBuildConfiguration</string>
				<key>name</key>
				<string>AppStore</string>
			</dict>
			<key>99FA3DBC1C7456C400CFA0EE</key>
			<dict>
				<key>baseConfigurationReference</key>
				<string>E4EB6923138AFD0F00A09F29</string>
				<key>buildSettings</key>
				<dict>
					<key>HEADER_SEARCH_PATHS</key>
					<array>
						<string>$(OF_CORE_HEADERS)</string>
						<string>src</string>
						<string>../../../of_v0.10.0_osx_release/addons/ofxGui/src</string>
						<string>../../../of_v0.10.0_osx_release/addons/ofxOpenBCI/src</string>
						<string>../../../of_v0.10.0_osx_release/addons/ofxOsc/libs</string>
						<string>../../../of_v0.10.0_osx_release/addons/ofxOsc/libs/oscpack</string>
						<string>../../../of_v0.10.0_osx_release/addons/ofxOsc/libs/oscpack/src</string>
						<string>../../../of_v0.10.0_osx_release/addons/ofxOsc/libs/oscpack/src/ip</string>
						<string>../../../of_v0.10.0_osx_release/addons/ofxOsc/libs/oscpack/src/ip/posix</string>
						<string>../../../of_v0.10.0_osx_release/addons/ofxOsc/libs/oscpack/src/ip/win32</string>
						<string>../../../of_v0.10.0_osx_release/addons/ofxOsc/libs/oscpack/src/osc</string>
						<string>../../../of_v0.10.0_osx_release/addons/ofxOsc/src</string>
						<string>../../../of_v0.10.0_osx_release/addons/ofxPubSubOsc/src</string>
						<string>../../../of_v0.10.0_osx_release/addons/ofxPubSubOsc/src/details</string>
						<string>../../../of_v0.10.0_osx_release/addons/ofxPubSubOsc/src/details/Publisher</string>
						<string>../../../of_v0.10.0_osx_release/addons/ofxPubSubOsc/src/details/Subscriber</string>
					</array>
					<key>COMBINE_HIDPI_IMAGES</key>
					<string>YES</string>
					<key>COPY_PHASE_STRIP</key>
					<string>YES</string>
					<key>FRAMEWORK_SEARCH_PATHS</key>
					<array>
						<string>$(inherited)</string>
					</array>
					<key>GCC_GENERATE_DEBUGGING_SYMBOLS</key>
					<string>YES</string>
					<key>GCC_MODEL_TUNING</key>
					<string>NONE</string>
					<key>GCC_PREPROCESSOR_DEFINITIONS[arch=*]</key>
					<string>APPSTORE=1</string>
					<key>ICON</key>
					<string>$(ICON_NAME_RELEASE)</string>
					<key>ICON_FILE</key>
					<string>$(ICON_FILE_PATH)$(ICON)</string>
					<key>INFOPLIST_FILE</key>
					<string>openFrameworks-Info.plist</string>
					<key>INSTALL_PATH</key>
					<string>/Applications</string>
					<key>LIBRARY_SEARCH_PATHS</key>
					<string>$(inherited)</string>
					<key>PRODUCT_NAME</key>
					<string>$(TARGET_NAME)</string>
					<key>WRAPPER_EXTENSION</key>
					<string>app</string>
					<key>baseConfigurationReference</key>
					<string>E4EB6923138AFD0F00A09F29</string>
				</dict>
				<key>isa</key>
				<string>XCBuildConfiguration</string>
				<key>name</key>
				<string>AppStore</string>
			</dict>
			<key>BB4B014C10F69532006C3DED</key>
			<dict>
				<key>children</key>
				<array>
					<string>480A780D8D0308AE4A368801</string>
					<string>4D5E61A544F90F181FB1E7BE</string>
					<string>E6053AB7FEC63D5F83825B88</string>
					<string>7A544AD911301D82CCCC60DE</string>
				</array>
				<key>isa</key>
				<string>PBXGroup</string>
				<key>name</key>
				<string>addons</string>
				<key>sourceTree</key>
				<string>&lt;group&gt;</string>
			</dict>
			<key>E4328143138ABC890047C5CB</key>
			<dict>
				<key>isa</key>
				<string>PBXFileReference</string>
				<key>lastKnownFileType</key>
				<string>wrapper.pb-project</string>
				<key>name</key>
				<string>openFrameworksLib.xcodeproj</string>
				<key>path</key>
				<string>../../../of_v0.10.0_osx_release/libs/openFrameworksCompiled/project/osx/openFrameworksLib.xcodeproj</string>
				<key>sourceTree</key>
				<string>SOURCE_ROOT</string>
			</dict>
			<key>E4328144138ABC890047C5CB</key>
			<dict>
				<key>children</key>
				<array>
					<string>E4328148138ABC890047C5CB</string>
				</array>
				<key>isa</key>
				<string>PBXGroup</string>
				<key>name</key>
				<string>Products</string>
				<key>sourceTree</key>
				<string>&lt;group&gt;</string>
			</dict>
			<key>E4328147138ABC890047C5CB</key>
			<dict>
				<key>containerPortal</key>
				<string>E4328143138ABC890047C5CB</string>
				<key>isa</key>
				<string>PBXContainerItemProxy</string>
				<key>proxyType</key>
				<string>2</string>
				<key>remoteGlobalIDString</key>
				<string>E4B27C1510CBEB8E00536013</string>
				<key>remoteInfo</key>
				<string>openFrameworks</string>
			</dict>
			<key>E4328148138ABC890047C5CB</key>
			<dict>
				<key>fileType</key>
				<string>archive.ar</string>
				<key>isa</key>
				<string>PBXReferenceProxy</string>
				<key>path</key>
				<string>openFrameworksDebug.a</string>
				<key>remoteRef</key>
				<string>E4328147138ABC890047C5CB</string>
				<key>sourceTree</key>
				<string>BUILT_PRODUCTS_DIR</string>
			</dict>
			<key>E4328149138ABC9F0047C5CB</key>
			<dict>
				<key>fileRef</key>
				<string>E4328148138ABC890047C5CB</string>
				<key>isa</key>
				<string>PBXBuildFile</string>
			</dict>
			<key>E4B69B4A0A3A1720003C02F2</key>
			<dict>
				<key>children</key>
				<array>
					<string>E4B6FCAD0C3E899E008CF71C</string>
					<string>E4EB6923138AFD0F00A09F29</string>
					<string>E4B69E1C0A3A1BDC003C02F2</string>
					<string>E4EEC9E9138DF44700A80321</string>
					<string>BB4B014C10F69532006C3DED</string>
					<string>6948EE371B920CB800B5AC1A</string>
					<string>E4B69B5B0A3A1756003C02F2</string>
				</array>
				<key>isa</key>
				<string>PBXGroup</string>
				<key>sourceTree</key>
				<string>&lt;group&gt;</string>
			</dict>
			<key>E4B69B4C0A3A1720003C02F2</key>
			<dict>
				<key>attributes</key>
				<dict>
					<key>LastUpgradeCheck</key>
					<string>0600</string>
				</dict>
				<key>buildConfigurationList</key>
				<string>E4B69B4D0A3A1720003C02F2</string>
				<key>compatibilityVersion</key>
				<string>Xcode 3.2</string>
				<key>developmentRegion</key>
				<string>English</string>
				<key>hasScannedForEncodings</key>
				<string>0</string>
				<key>isa</key>
				<string>PBXProject</string>
				<key>knownRegions</key>
				<array>
					<string>English</string>
					<string>Japanese</string>
					<string>French</string>
					<string>German</string>
				</array>
				<key>mainGroup</key>
				<string>E4B69B4A0A3A1720003C02F2</string>
				<key>productRefGroup</key>
				<string>E4B69B4A0A3A1720003C02F2</string>
				<key>projectDirPath</key>
				<string />
				<key>projectReferences</key>
				<array>
					<dict>
						<key>ProductGroup</key>
						<string>E4328144138ABC890047C5CB</string>
						<key>ProjectRef</key>
						<string>E4328143138ABC890047C5CB</string>
					</dict>
				</array>
				<key>projectRoot</key>
				<string />
				<key>targets</key>
				<array>
					<string>E4B69B5A0A3A1756003C02F2</string>
				</array>
			</dict>
			<key>E4B69B4D0A3A1720003C02F2</key>
			<dict>
				<key>buildConfigurations</key>
				<array>
					<string>E4B69B4E0A3A1720003C02F2</string>
					<string>E4B69B4F0A3A1720003C02F2</string>
					<string>99FA3DBB1C7456C400CFA0EE</string>
				</array>
				<key>defaultConfigurationIsVisible</key>
				<string>0</string>
				<key>defaultConfigurationName</key>
				<string>Release</string>
				<key>isa</key>
				<string>XCConfigurationList</string>
			</dict>
			<key>E4B69B4E0A3A1720003C02F2</key>
			<dict>
				<key>baseConfigurationReference</key>
				<string>E4EB6923138AFD0F00A09F29</string>
				<key>buildSettings</key>
				<dict>
					<key>HEADER_SEARCH_PATHS</key>
					<array>
						<string>$(OF_CORE_HEADERS)</string>
						<string>src</string>
						<string>../../../of_v0.10.0_osx_release/addons/ofxGui/src</string>
						<string>../../../of_v0.10.0_osx_release/addons/ofxOpenBCI/src</string>
						<string>../../../of_v0.10.0_osx_release/addons/ofxOsc/libs</string>
						<string>../../../of_v0.10.0_osx_release/addons/ofxOsc/libs/oscpack</string>
						<string>../../../of_v0.10.0_osx_release/addons/ofxOsc/libs/oscpack/src</string>
						<string>../../../of_v0.10.0_osx_release/addons/ofxOsc/libs/oscpack/src/ip</string>
						<string>../../../of_v0.10.0_osx_release/addons/ofxOsc/libs/oscpack/src/ip/posix</string>
						<string>../../../of_v0.10.0_osx_release/addons/ofxOsc/libs/oscpack/src/ip/win32</string>
						<string>../../../of_v0.10.0_osx_release/addons/ofxOsc/libs/oscpack/src/osc</string>
						<string>../../../of_v0.10.0_osx_release/addons/ofxOsc/src</string>
						<string>../../../of_v0.10.0_osx_release/addons/ofxPubSubOsc/src</string>
						<string>../../../of_v0.10.0_osx_release/addons/ofxPubSubOsc/src/details</string>
						<string>../../../of_v0.10.0_osx_release/addons/ofxPubSubOsc/src/details/Publisher</string>
						<string>../../../of_v0.10.0_osx_release/addons/ofxPubSubOsc/src/details/Subscriber</string>
					</array>
					<key>CONFIGURATION_BUILD_DIR</key>
					<string>$(SRCROOT)/bin/</string>
					<key>COPY_PHASE_STRIP</key>
					<string>NO</string>
					<key>DEAD_CODE_STRIPPING</key>
					<string>YES</string>
					<key>GCC_AUTO_VECTORIZATION</key>
					<string>YES</string>
					<key>GCC_ENABLE_SSE3_EXTENSIONS</key>
					<string>YES</string>
					<key>GCC_ENABLE_SUPPLEMENTAL_SSE3_INSTRUCTIONS</key>
					<string>YES</string>
					<key>GCC_INLINES_ARE_PRIVATE_EXTERN</key>
					<string>NO</string>
					<key>GCC_OPTIMIZATION_LEVEL</key>
					<string>0</string>
					<key>GCC_SYMBOLS_PRIVATE_EXTERN</key>
					<string>NO</string>
					<key>GCC_WARN_ABOUT_DEPRECATED_FUNCTIONS</key>
					<string>YES</string>
					<key>GCC_WARN_ABOUT_INVALID_OFFSETOF_MACRO</key>
					<string>NO</string>
					<key>GCC_WARN_ALLOW_INCOMPLETE_PROTOCOL</key>
					<string>NO</string>
					<key>GCC_WARN_UNINITIALIZED_AUTOS</key>
					<string>NO</string>
					<key>GCC_WARN_UNUSED_VALUE</key>
					<string>NO</string>
					<key>GCC_WARN_UNUSED_VARIABLE</key>
					<string>NO</string>
					<key>MACOSX_DEPLOYMENT_TARGET</key>
					<string>10.9</string>
					<key>ONLY_ACTIVE_ARCH</key>
					<string>YES</string>
					<key>OTHER_CPLUSPLUSFLAGS</key>
					<array>
						<string>-D__MACOSX_CORE__</string>
						<string>-mtune=native</string>
					</array>
					<key>SDKROOT</key>
					<string>macosx</string>
				</dict>
				<key>isa</key>
				<string>XCBuildConfiguration</string>
				<key>name</key>
				<string>Debug</string>
			</dict>
			<key>E4B69B4F0A3A1720003C02F2</key>
			<dict>
				<key>baseConfigurationReference</key>
				<string>E4EB6923138AFD0F00A09F29</string>
				<key>buildSettings</key>
				<dict>
					<key>HEADER_SEARCH_PATHS</key>
					<array>
						<string>$(OF_CORE_HEADERS)</string>
						<string>src</string>
						<string>../../../of_v0.10.0_osx_release/addons/ofxGui/src</string>
						<string>../../../of_v0.10.0_osx_release/addons/ofxOpenBCI/src</string>
						<string>../../../of_v0.10.0_osx_release/addons/ofxOsc/libs</string>
						<string>../../../of_v0.10.0_osx_release/addons/ofxOsc/libs/oscpack</string>
						<string>../../../of_v0.10.0_osx_release/addons/ofxOsc/libs/oscpack/src</string>
						<string>../../../of_v0.10.0_osx_release/addons/ofxOsc/libs/oscpack/src/ip</string>
						<string>../../../of_v0.10.0_osx_release/addons/ofxOsc/libs/oscpack/src/ip/posix</string>
						<string>../../../of_v0.10.0_osx_release/addons/ofxOsc/libs/oscpack/src/ip/win32</string>
						<string>../../../of_v0.10.0_osx_release/addons/ofxOsc/libs/oscpack/src/osc</string>
						<string>../../../of_v0.10.0_osx_release/addons/ofxOsc/src</string>
						<string>../../../of_v0.10.0_osx_release/addons/ofxPubSubOsc/src</string>
						<string>../../../of_v0.10.0_osx_release/addons/ofxPubSubOsc/src/details</string>
						<string>../../../of_v0.10.0_osx_release/addons/ofxPubSubOsc/src/details/Publisher</string>
						<string>../../../of_v0.10.0_osx_release/addons/ofxPubSubOsc/src/details/Subscriber</string>
					</array>
					<key>CONFIGURATION_BUILD_DIR</key>
					<string>$(SRCROOT)/bin/</string>
					<key>COPY_PHASE_STRIP</key>
					<string>YES</string>
					<key>DEAD_CODE_STRIPPING</key>
					<string>YES</string>
					<key>GCC_AUTO_VECTORIZATION</key>
					<string>YES</string>
					<key>GCC_ENABLE_SSE3_EXTENSIONS</key>
					<string>YES</string>
					<key>GCC_ENABLE_SUPPLEMENTAL_SSE3_INSTRUCTIONS</key>
					<string>YES</string>
					<key>GCC_INLINES_ARE_PRIVATE_EXTERN</key>
					<string>NO</string>
					<key>GCC_OPTIMIZATION_LEVEL</key>
					<string>3</string>
					<key>GCC_SYMBOLS_PRIVATE_EXTERN</key>
					<string>NO</string>
					<key>GCC_UNROLL_LOOPS</key>
					<string>YES</string>
					<key>GCC_WARN_ABOUT_DEPRECATED_FUNCTIONS</key>
					<string>YES</string>
					<key>GCC_WARN_ABOUT_INVALID_OFFSETOF_MACRO</key>
					<string>NO</string>
					<key>GCC_WARN_ALLOW_INCOMPLETE_PROTOCOL</key>
					<string>NO</string>
					<key>GCC_WARN_UNINITIALIZED_AUTOS</key>
					<string>NO</string>
					<key>GCC_WARN_UNUSED_VALUE</key>
					<string>NO</string>
					<key>GCC_WARN_UNUSED_VARIABLE</key>
					<string>NO</string>
					<key>MACOSX_DEPLOYMENT_TARGET</key>
					<string>10.9</string>
					<key>OTHER_CPLUSPLUSFLAGS</key>
					<array>
						<string>-D__MACOSX_CORE__</string>
						<string>-mtune=native</string>
					</array>
					<key>SDKROOT</key>
					<string>macosx</string>
				</dict>
				<key>isa</key>
				<string>XCBuildConfiguration</string>
				<key>name</key>
				<string>Release</string>
			</dict>
			<key>E4B69B580A3A1756003C02F2</key>
			<dict>
				<key>buildActionMask</key>
				<string>2147483647</string>
				<key>files</key>
				<array>
					<string>E4B69E200A3A1BDC003C02F2</string>
					<string>E4B69E210A3A1BDC003C02F2</string>
					<string>6D18B06D57BBD1C062CDB30A</string>
					<string>3B5D497BB13FE0A313B4BC6E</string>
					<string>CD79645E932E13257A1029A5</string>
					<string>A7702BC48B7C58A3C4AC7670</string>
					<string>6822F8289D179C4BF60E3519</string>
					<string>1021A1411DADC9FF9AAA8698</string>
					<string>F84DAD08C0AA616E2870A3ED</string>
					<string>22B0F534E1C4B11F705A27A7</string>
					<string>70FBD7FAE644F9110FAE7AA3</string>
					<string>DE3FFF5CC8DAB69978EAA558</string>
					<string>13640336A27ADEC4BE6CCDC7</string>
					<string>2856A98D371FD33439A46FD2</string>
					<string>4A067FC20DE3CE33F1D9A7B9</string>
					<string>517F97C26F594AF264DA850F</string>
					<string>5E3DDDEEE664410368C335BB</string>
					<string>C9F920D055A746F1C9834CDD</string>
					<string>3D27AA3FF4FF6632C80C1335</string>
					<string>CB2C041178D19B1BF5D387BF</string>
					<string>F9CF07130AC77D0BAA307265</string>
					<string>BB2723D4FC56EE75E3D42F51</string>
					<string>34D7A45394B32DD2CF6E46DE</string>
					<string>7E4EE6D1A7BEAF6282506B5E</string>
					<string>A787033D58C0D233CE7230B2</string>
				</array>
				<key>isa</key>
				<string>PBXSourcesBuildPhase</string>
				<key>runOnlyForDeploymentPostprocessing</key>
				<string>0</string>
			</dict>
			<key>E4B69B590A3A1756003C02F2</key>
			<dict>
				<key>buildActionMask</key>
				<string>2147483647</string>
				<key>files</key>
				<array>
					<string>E4328149138ABC9F0047C5CB</string>
				</array>
				<key>isa</key>
				<string>PBXFrameworksBuildPhase</string>
				<key>runOnlyForDeploymentPostprocessing</key>
				<string>0</string>
			</dict>
			<key>E4B69B5A0A3A1756003C02F2</key>
			<dict>
				<key>buildConfigurationList</key>
				<string>E4B69B5F0A3A1757003C02F2</string>
				<key>buildPhases</key>
				<array>
					<string>E4B69B580A3A1756003C02F2</string>
					<string>E4B69B590A3A1756003C02F2</string>
					<string>E4B6FFFD0C3F9AB9008CF71C</string>
					<string>E4C2427710CC5ABF004149E2</string>
					<string>8466F1851C04CA0E00918B1C</string>
				</array>
				<key>buildRules</key>
				<array />
				<key>dependencies</key>
				<array>
					<string>E4EEB9AC138B136A00A80321</string>
				</array>
				<key>isa</key>
				<string>PBXNativeTarget</string>
				<key>name</key>
				<string>receiveTimeseries</string>
				<key>productName</key>
				<string>myOFApp</string>
				<key>productReference</key>
				<string>E4B69B5B0A3A1756003C02F2</string>
				<key>productType</key>
				<string>com.apple.product-type.application</string>
			</dict>
			<key>E4B69B5B0A3A1756003C02F2</key>
			<dict>
				<key>explicitFileType</key>
				<string>wrapper.application</string>
				<key>includeInIndex</key>
				<string>0</string>
				<key>isa</key>
				<string>PBXFileReference</string>
				<key>path</key>
				<string>receiveTimeseriesDebug.app</string>
				<key>sourceTree</key>
				<string>BUILT_PRODUCTS_DIR</string>
			</dict>
			<key>E4B69B5F0A3A1757003C02F2</key>
			<dict>
				<key>buildConfigurations</key>
				<array>
					<string>E4B69B600A3A1757003C02F2</string>
					<string>E4B69B610A3A1757003C02F2</string>
					<string>99FA3DBC1C7456C400CFA0EE</string>
				</array>
				<key>defaultConfigurationIsVisible</key>
				<string>0</string>
				<key>defaultConfigurationName</key>
				<string>Release</string>
				<key>isa</key>
				<string>XCConfigurationList</string>
			</dict>
			<key>E4B69B600A3A1757003C02F2</key>
			<dict>
				<key>baseConfigurationReference</key>
				<string>E4EB6923138AFD0F00A09F29</string>
				<key>buildSettings</key>
				<dict>
					<key>HEADER_SEARCH_PATHS</key>
					<array>
						<string>$(OF_CORE_HEADERS)</string>
						<string>src</string>
						<string>../../../of_v0.10.0_osx_release/addons/ofxGui/src</string>
						<string>../../../of_v0.10.0_osx_release/addons/ofxOpenBCI/src</string>
						<string>../../../of_v0.10.0_osx_release/addons/ofxOsc/libs</string>
						<string>../../../of_v0.10.0_osx_release/addons/ofxOsc/libs/oscpack</string>
						<string>../../../of_v0.10.0_osx_release/addons/ofxOsc/libs/oscpack/src</string>
						<string>../../../of_v0.10.0_osx_release/addons/ofxOsc/libs/oscpack/src/ip</string>
						<string>../../../of_v0.10.0_osx_release/addons/ofxOsc/libs/oscpack/src/ip/posix</string>
						<string>../../../of_v0.10.0_osx_release/addons/ofxOsc/libs/oscpack/src/ip/win32</string>
						<string>../../../of_v0.10.0_osx_release/addons/ofxOsc/libs/oscpack/src/osc</string>
						<string>../../../of_v0.10.0_osx_release/addons/ofxOsc/src</string>
						<string>../../../of_v0.10.0_osx_release/addons/ofxPubSubOsc/src</string>
						<string>../../../of_v0.10.0_osx_release/addons/ofxPubSubOsc/src/details</string>
						<string>../../../of_v0.10.0_osx_release/addons/ofxPubSubOsc/src/details/Publisher</string>
						<string>../../../of_v0.10.0_osx_release/addons/ofxPubSubOsc/src/details/Subscriber</string>
					</array>
					<key>COMBINE_HIDPI_IMAGES</key>
					<string>YES</string>
					<key>COPY_PHASE_STRIP</key>
					<string>NO</string>
					<key>FRAMEWORK_SEARCH_PATHS</key>
					<array>
						<string>$(inherited)</string>
					</array>
					<key>GCC_DYNAMIC_NO_PIC</key>
					<string>NO</string>
					<key>GCC_GENERATE_DEBUGGING_SYMBOLS</key>
					<string>YES</string>
					<key>GCC_MODEL_TUNING</key>
					<string>NONE</string>
					<key>ICON</key>
					<string>$(ICON_NAME_DEBUG)</string>
					<key>ICON_FILE</key>
					<string>$(ICON_FILE_PATH)$(ICON)</string>
					<key>INFOPLIST_FILE</key>
					<string>openFrameworks-Info.plist</string>
					<key>INSTALL_PATH</key>
					<string>/Applications</string>
					<key>LIBRARY_SEARCH_PATHS</key>
					<string>$(inherited)</string>
					<key>PRODUCT_NAME</key>
					<string>$(TARGET_NAME)Debug</string>
					<key>WRAPPER_EXTENSION</key>
					<string>app</string>
				</dict>
				<key>isa</key>
				<string>XCBuildConfiguration</string>
				<key>name</key>
				<string>Debug</string>
			</dict>
			<key>E4B69B610A3A1757003C02F2</key>
			<dict>
				<key>baseConfigurationReference</key>
				<string>E4EB6923138AFD0F00A09F29</string>
				<key>buildSettings</key>
				<dict>
					<key>HEADER_SEARCH_PATHS</key>
					<array>
						<string>$(OF_CORE_HEADERS)</string>
						<string>src</string>
						<string>../../../of_v0.10.0_osx_release/addons/ofxGui/src</string>
						<string>../../../of_v0.10.0_osx_release/addons/ofxOpenBCI/src</string>
						<string>../../../of_v0.10.0_osx_release/addons/ofxOsc/libs</string>
						<string>../../../of_v0.10.0_osx_release/addons/ofxOsc/libs/oscpack</string>
						<string>../../../of_v0.10.0_osx_release/addons/ofxOsc/libs/oscpack/src</string>
						<string>../../../of_v0.10.0_osx_release/addons/ofxOsc/libs/oscpack/src/ip</string>
						<string>../../../of_v0.10.0_osx_release/addons/ofxOsc/libs/oscpack/src/ip/posix</string>
						<string>../../../of_v0.10.0_osx_release/addons/ofxOsc/libs/oscpack/src/ip/win32</string>
						<string>../../../of_v0.10.0_osx_release/addons/ofxOsc/libs/oscpack/src/osc</string>
						<string>../../../of_v0.10.0_osx_release/addons/ofxOsc/src</string>
						<string>../../../of_v0.10.0_osx_release/addons/ofxPubSubOsc/src</string>
						<string>../../../of_v0.10.0_osx_release/addons/ofxPubSubOsc/src/details</string>
						<string>../../../of_v0.10.0_osx_release/addons/ofxPubSubOsc/src/details/Publisher</string>
						<string>../../../of_v0.10.0_osx_release/addons/ofxPubSubOsc/src/details/Subscriber</string>
					</array>
					<key>COMBINE_HIDPI_IMAGES</key>
					<string>YES</string>
					<key>COPY_PHASE_STRIP</key>
					<string>YES</string>
					<key>FRAMEWORK_SEARCH_PATHS</key>
					<array>
						<string>$(inherited)</string>
					</array>
					<key>GCC_GENERATE_DEBUGGING_SYMBOLS</key>
					<string>YES</string>
					<key>GCC_MODEL_TUNING</key>
					<string>NONE</string>
					<key>ICON</key>
					<string>$(ICON_NAME_RELEASE)</string>
					<key>ICON_FILE</key>
					<string>$(ICON_FILE_PATH)$(ICON)</string>
					<key>INFOPLIST_FILE</key>
					<string>openFrameworks-Info.plist</string>
					<key>INSTALL_PATH</key>
					<string>/Applications</string>
					<key>LIBRARY_SEARCH_PATHS</key>
					<string>$(inherited)</string>
					<key>PRODUCT_NAME</key>
					<string>$(TARGET_NAME)</string>
					<key>WRAPPER_EXTENSION</key>
					<string>app</string>
					<key>baseConfigurationReference</key>
					<string>E4EB6923138AFD0F00A09F29</string>
				</dict>
				<key>isa</key>
				<string>XCBuildConfiguration</string>
				<key>name</key>
				<string>Release</string>
			</dict>
			<key>E4B69E1C0A3A1BDC003C02F2</key>
			<dict>
				<key>children</key>
				<array>
					<string>E4B69E1D0A3A1BDC003C02F2</string>
					<string>E4B69E1E0A3A1BDC003C02F2</string>
					<string>E4B69E1F0A3A1BDC003C02F2</string>
				</array>
				<key>isa</key>
				<string>PBXGroup</string>
				<key>path</key>
				<string>src</string>
				<key>sourceTree</key>
				<string>SOURCE_ROOT</string>
			</dict>
			<key>E4B69E1D0A3A1BDC003C02F2</key>
			<dict>
				<key>fileEncoding</key>
				<string>4</string>
				<key>isa</key>
				<string>PBXFileReference</string>
				<key>lastKnownFileType</key>
				<string>sourcecode.cpp.cpp</string>
				<key>name</key>
				<string>main.cpp</string>
				<key>path</key>
				<string>src/main.cpp</string>
				<key>sourceTree</key>
				<string>SOURCE_ROOT</string>
			</dict>
			<key>E4B69E1E0A3A1BDC003C02F2</key>
			<dict>
				<key>explicitFileType</key>
				<string>sourcecode.cpp.cpp</string>
				<key>fileEncoding</key>
				<string>4</string>
				<key>isa</key>
				<string>PBXFileReference</string>
				<key>name</key>
				<string>ofApp.cpp</string>
				<key>path</key>
				<string>src/ofApp.cpp</string>
				<key>sourceTree</key>
				<string>SOURCE_ROOT</string>
			</dict>
			<key>E4B69E1F0A3A1BDC003C02F2</key>
			<dict>
				<key>fileEncoding</key>
				<string>4</string>
				<key>isa</key>
				<string>PBXFileReference</string>
				<key>lastKnownFileType</key>
				<string>sourcecode.c.h</string>
				<key>name</key>
				<string>ofApp.h</string>
				<key>path</key>
				<string>src/ofApp.h</string>
				<key>sourceTree</key>
				<string>SOURCE_ROOT</string>
			</dict>
			<key>E4B69E200A3A1BDC003C02F2</key>
			<dict>
				<key>fileRef</key>
				<string>E4B69E1D0A3A1BDC003C02F2</string>
				<key>isa</key>
				<string>PBXBuildFile</string>
			</dict>
			<key>E4B69E210A3A1BDC003C02F2</key>
			<dict>
				<key>fileRef</key>
				<string>E4B69E1E0A3A1BDC003C02F2</string>
				<key>isa</key>
				<string>PBXBuildFile</string>
			</dict>
			<key>E4B6FCAD0C3E899E008CF71C</key>
			<dict>
				<key>fileEncoding</key>
				<string>4</string>
				<key>isa</key>
				<string>PBXFileReference</string>
				<key>lastKnownFileType</key>
				<string>text.plist.xml</string>
				<key>path</key>
				<string>openFrameworks-Info.plist</string>
				<key>sourceTree</key>
				<string>&lt;group&gt;</string>
			</dict>
			<key>E4B6FFFD0C3F9AB9008CF71C</key>
			<dict>
				<key>buildActionMask</key>
				<string>2147483647</string>
				<key>files</key>
				<array />
				<key>inputPaths</key>
				<array />
				<key>isa</key>
				<string>PBXShellScriptBuildPhase</string>
				<key>outputPaths</key>
				<array />
				<key>runOnlyForDeploymentPostprocessing</key>
				<string>0</string>
				<key>shellPath</key>
				<string>/bin/sh</string>
				<key>shellScript</key>
				<string>mkdir -p "$TARGET_BUILD_DIR/$PRODUCT_NAME.app/Contents/Resources/"
# Copy default icon file into App/Resources
rsync -aved "$ICON_FILE" "$TARGET_BUILD_DIR/$PRODUCT_NAME.app/Contents/Resources/"
# Copy libfmod and change install directory for fmod to run
rsync -aved "$OF_PATH/libs/fmodex/lib/osx/libfmodex.dylib" "$TARGET_BUILD_DIR/$PRODUCT_NAME.app/Contents/Frameworks/";
install_name_tool -change @executable_path/libfmodex.dylib @executable_path/../Frameworks/libfmodex.dylib "$TARGET_BUILD_DIR/$PRODUCT_NAME.app/Contents/MacOS/$PRODUCT_NAME";

echo "$GCC_PREPROCESSOR_DEFINITIONS";
</string>
			</dict>
			<key>E4C2427710CC5ABF004149E2</key>
			<dict>
				<key>buildActionMask</key>
				<string>2147483647</string>
				<key>dstPath</key>
				<string />
				<key>dstSubfolderSpec</key>
				<string>10</string>
				<key>files</key>
				<array />
				<key>isa</key>
				<string>PBXCopyFilesBuildPhase</string>
				<key>runOnlyForDeploymentPostprocessing</key>
				<string>0</string>
			</dict>
			<key>E4EB691F138AFCF100A09F29</key>
			<dict>
				<key>fileEncoding</key>
				<string>4</string>
				<key>isa</key>
				<string>PBXFileReference</string>
				<key>lastKnownFileType</key>
				<string>text.xcconfig</string>
				<key>name</key>
				<string>CoreOF.xcconfig</string>
				<key>path</key>
				<string>../../../of_v0.10.0_osx_release/libs/openFrameworksCompiled/project/osx/CoreOF.xcconfig</string>
				<key>sourceTree</key>
				<string>SOURCE_ROOT</string>
			</dict>
			<key>E4EB6923138AFD0F00A09F29</key>
			<dict>
				<key>fileEncoding</key>
				<string>4</string>
				<key>isa</key>
				<string>PBXFileReference</string>
				<key>lastKnownFileType</key>
				<string>text.xcconfig</string>
				<key>path</key>
				<string>Project.xcconfig</string>
				<key>sourceTree</key>
				<string>&lt;group&gt;</string>
			</dict>
			<key>E4EEB9AB138B136A00A80321</key>
			<dict>
				<key>containerPortal</key>
				<string>E4328143138ABC890047C5CB</string>
				<key>isa</key>
				<string>PBXContainerItemProxy</string>
				<key>proxyType</key>
				<string>1</string>
				<key>remoteGlobalIDString</key>
				<string>E4B27C1410CBEB8E00536013</string>
				<key>remoteInfo</key>
				<string>openFrameworks</string>
			</dict>
			<key>E4EEB9AC138B136A00A80321</key>
			<dict>
				<key>isa</key>
				<string>PBXTargetDependency</string>
				<key>name</key>
				<string>openFrameworks</string>
				<key>targetProxy</key>
				<string>E4EEB9AB138B136A00A80321</string>
			</dict>
			<key>E4EEC9E9138DF44700A80321</key>
			<dict>
				<key>children</key>
				<array>
					<string>E4EB691F138AFCF100A09F29</string>
					<string>E4328143138ABC890047C5CB</string>
				</array>
				<key>isa</key>
				<string>PBXGroup</string>
				<key>name</key>
				<string>openFrameworks</string>
				<key>sourceTree</key>
				<string>&lt;group&gt;</string>
			</dict>
		</dict>
		<key>rootObject</key>
		<string>E4B69B4C0A3A1720003C02F2</string>
	</dict>
</plist>
